
Microsoft Visual Studio Solution File, Format Version 11.00
# Visual Studio 2010
Project("{FAE04EC0-301F-11D3-BF4B-00C04F79EFBC}") = "Assembly-CSharp-firstpass", "Assembly-CSharp-firstpass.csproj", "{44D0E8A5-5C1B-70E7-5309-9C5FA513131F}"
EndProject
Project("{FAE04EC0-301F-11D3-BF4B-00C04F79EFBC}") = "Assembly-CSharp", "Assembly-CSharp.csproj", "{7A0FB04D-B29E-F788-4F25-DB1BE23226C6}"
EndProject
Project("{FAE04EC0-301F-11D3-BF4B-00C04F79EFBC}") = "Assembly-CSharp-Editor-firstpass", "Assembly-CSharp-Editor-firstpass.csproj", "{5DE392F2-F5F5-BB2F-7D46-B729280E640F}"
EndProject
Project("{FAE04EC0-301F-11D3-BF4B-00C04F79EFBC}") = "Assembly-CSharp-Editor", "Assembly-CSharp-Editor.csproj", "{2EE8E8ED-AFE8-B80B-C5F8-0ADF8E30C007}"
EndProject
Global
	GlobalSection(SolutionConfigurationPlatforms) = preSolution
		Debug|Any CPU = Debug|Any CPU
		Release|Any CPU = Release|Any CPU
	EndGlobalSection
	GlobalSection(ProjectConfigurationPlatforms) = postSolution
		{44D0E8A5-5C1B-70E7-5309-9C5FA513131F}.Debug|Any CPU.ActiveCfg = Debug|Any CPU
		{44D0E8A5-5C1B-70E7-5309-9C5FA513131F}.Debug|Any CPU.Build.0 = Debug|Any CPU
		{44D0E8A5-5C1B-70E7-5309-9C5FA513131F}.Release|Any CPU.ActiveCfg = Release|Any CPU
		{44D0E8A5-5C1B-70E7-5309-9C5FA513131F}.Release|Any CPU.Build.0 = Release|Any CPU
		{7A0FB04D-B29E-F788-4F25-DB1BE23226C6}.Debug|Any CPU.ActiveCfg = Debug|Any CPU
		{7A0FB04D-B29E-F788-4F25-DB1BE23226C6}.Debug|Any CPU.Build.0 = Debug|Any CPU
		{7A0FB04D-B29E-F788-4F25-DB1BE23226C6}.Release|Any CPU.ActiveCfg = Release|Any CPU
		{7A0FB04D-B29E-F788-4F25-DB1BE23226C6}.Release|Any CPU.Build.0 = Release|Any CPU
		{5DE392F2-F5F5-BB2F-7D46-B729280E640F}.Debug|Any CPU.ActiveCfg = Debug|Any CPU
		{5DE392F2-F5F5-BB2F-7D46-B729280E640F}.Debug|Any CPU.Build.0 = Debug|Any CPU
		{5DE392F2-F5F5-BB2F-7D46-B729280E640F}.Release|Any CPU.ActiveCfg = Release|Any CPU
		{5DE392F2-F5F5-BB2F-7D46-B729280E640F}.Release|Any CPU.Build.0 = Release|Any CPU
		{2EE8E8ED-AFE8-B80B-C5F8-0ADF8E30C007}.Debug|Any CPU.ActiveCfg = Debug|Any CPU
		{2EE8E8ED-AFE8-B80B-C5F8-0ADF8E30C007}.Debug|Any CPU.Build.0 = Debug|Any CPU
		{2EE8E8ED-AFE8-B80B-C5F8-0ADF8E30C007}.Release|Any CPU.ActiveCfg = Release|Any CPU
		{2EE8E8ED-AFE8-B80B-C5F8-0ADF8E30C007}.Release|Any CPU.Build.0 = Release|Any CPU
	EndGlobalSection
	GlobalSection(SolutionProperties) = preSolution
		HideSolutionNode = FALSE
	EndGlobalSection
EndGlobal
